{
  "name": "tuijs-meta",
  "version": "0.0.9",
  "lockfileVersion": 3,
  "requires": true,
  "packages": {
    "": {
      "name": "tuijs-meta",
      "version": "0.0.9",
      "license": "MIT",
      "dependencies": {
        "tuijs-util": "^1.4.9"
      }
    },
    "node_modules/tuijs-util": {
      "version": "1.4.9",
      "resolved": "https://registry.npmjs.org/tuijs-util/-/tuijs-util-1.4.9.tgz",
      "integrity": "sha512-5P8n2ZxWLL2ku6ozE7JACUiQup46Kr0XE3YzeqBtENmiPlReagIIi4buzbUNlZT+Djycm7UEQtMULGO4VFE9Fg==",
      "license": "MIT"
    }
  }
}
